
Microsoft Visual Studio Solution File, Format Version 12.00
# Visual Studio Version 16
VisualStudioVersion = 16.0.29418.71
MinimumVisualStudioVersion = 10.0.40219.1
Project("{FAE04EC0-301F-11D3-BF4B-00C04F79EFBC}") = "UserMaintenance", "UserMaintenance\UserMaintenance.csproj", "{DB1456F7-B727-47CD-9F8A-1E3B991D4CA7}"
EndProject
Global
	GlobalSection(SolutionConfigurationPlatforms) = preSolution
		Debug|Any CPU = Debug|Any CPU
		Release|Any CPU = Release|Any CPU
	EndGlobalSection
	GlobalSection(ProjectConfigurationPlatforms) = postSolution
		{DB1456F7-B727-47CD-9F8A-1E3B991D4CA7}.Debug|Any CPU.ActiveCfg = Debug|Any CPU
		{DB1456F7-B727-47CD-9F8A-1E3B991D4CA7}.Debug|Any CPU.Build.0 = Debug|Any CPU
		{DB1456F7-B727-47CD-9F8A-1E3B991D4CA7}.Release|Any CPU.ActiveCfg = Release|Any CPU
		{DB1456F7-B727-47CD-9F8A-1E3B991D4CA7}.Release|Any CPU.Build.0 = Release|Any CPU
	EndGlobalSection
	GlobalSection(SolutionProperties) = preSolution
		HideSolutionNode = FALSE
	EndGlobalSection
	GlobalSection(ExtensibilityGlobals) = postSolution
		SolutionGuid = {F5CA01C7-4C2E-4548-9FFC-8CF5C3AB80D2}
	EndGlobalSection
EndGlobal
